
Microsoft Visual Studio Solution File, Format Version 12.00
# Visual Studio Version 17
VisualStudioVersion = 17.1.32228.430
MinimumVisualStudioVersion = 10.0.40219.1
Project("{FAE04EC0-301F-11D3-BF4B-00C04F79EFBC}") = "QLCH_CameraADC", "QLCH_CameraADC\QLCH_CameraADC.csproj", "{906F4775-9CF7-415E-8881-1A904EC1CEDB}"
EndProject
Project("{FAE04EC0-301F-11D3-BF4B-00C04F79EFBC}") = "BUS", "BUS\BUS.csproj", "{A47B35A6-2DF7-43E7-93D8-40C4F31C4126}"
EndProject
Project("{FAE04EC0-301F-11D3-BF4B-00C04F79EFBC}") = "DTO", "DTO\DTO.csproj", "{5F1534A5-6F24-4F77-8B64-51E150DB0E21}"
EndProject
Project("{FAE04EC0-301F-11D3-BF4B-00C04F79EFBC}") = "DAL", "DAL\DAL.csproj", "{CAC5A469-1948-4CC2-ACB3-4B1E79EC992B}"
EndProject
Global
	GlobalSection(SolutionConfigurationPlatforms) = preSolution
		Debug|Any CPU = Debug|Any CPU
		Release|Any CPU = Release|Any CPU
	EndGlobalSection
	GlobalSection(ProjectConfigurationPlatforms) = postSolution
		{906F4775-9CF7-415E-8881-1A904EC1CEDB}.Debug|Any CPU.ActiveCfg = Debug|Any CPU
		{906F4775-9CF7-415E-8881-1A904EC1CEDB}.Debug|Any CPU.Build.0 = Debug|Any CPU
		{906F4775-9CF7-415E-8881-1A904EC1CEDB}.Release|Any CPU.ActiveCfg = Release|Any CPU
		{906F4775-9CF7-415E-8881-1A904EC1CEDB}.Release|Any CPU.Build.0 = Release|Any CPU
		{A47B35A6-2DF7-43E7-93D8-40C4F31C4126}.Debug|Any CPU.ActiveCfg = Debug|Any CPU
		{A47B35A6-2DF7-43E7-93D8-40C4F31C4126}.Debug|Any CPU.Build.0 = Debug|Any CPU
		{A47B35A6-2DF7-43E7-93D8-40C4F31C4126}.Release|Any CPU.ActiveCfg = Release|Any CPU
		{A47B35A6-2DF7-43E7-93D8-40C4F31C4126}.Release|Any CPU.Build.0 = Release|Any CPU
		{5F1534A5-6F24-4F77-8B64-51E150DB0E21}.Debug|Any CPU.ActiveCfg = Debug|Any CPU
		{5F1534A5-6F24-4F77-8B64-51E150DB0E21}.Debug|Any CPU.Build.0 = Debug|Any CPU
		{5F1534A5-6F24-4F77-8B64-51E150DB0E21}.Release|Any CPU.ActiveCfg = Release|Any CPU
		{5F1534A5-6F24-4F77-8B64-51E150DB0E21}.Release|Any CPU.Build.0 = Release|Any CPU
		{CAC5A469-1948-4CC2-ACB3-4B1E79EC992B}.Debug|Any CPU.ActiveCfg = Debug|Any CPU
		{CAC5A469-1948-4CC2-ACB3-4B1E79EC992B}.Debug|Any CPU.Build.0 = Debug|Any CPU
		{CAC5A469-1948-4CC2-ACB3-4B1E79EC992B}.Release|Any CPU.ActiveCfg = Release|Any CPU
		{CAC5A469-1948-4CC2-ACB3-4B1E79EC992B}.Release|Any CPU.Build.0 = Release|Any CPU
	EndGlobalSection
	GlobalSection(SolutionProperties) = preSolution
		HideSolutionNode = FALSE
	EndGlobalSection
	GlobalSection(ExtensibilityGlobals) = postSolution
		SolutionGuid = {3CC55C65-C32F-41B3-B0D1-B8BC2C62E8F7}
	EndGlobalSection
EndGlobal
